
Microsoft Visual Studio Solution File, Format Version 12.00
# Visual Studio Version 16
VisualStudioVersion = 16.0.29728.190
MinimumVisualStudioVersion = 10.0.40219.1
Project("{FAE04EC0-301F-11D3-BF4B-00C04F79EFBC}") = "CharacterCreator.Winforms", "CharacterCreator.Winforms\CharacterCreator.Winforms.csproj", "{524E6DD6-CE7A-4862-BA45-4DAF2C0C7AE8}"
EndProject
Project("{FAE04EC0-301F-11D3-BF4B-00C04F79EFBC}") = "CharacterCreator", "CharacterCreator\CharacterCreator.csproj", "{10543463-546A-4919-80E7-0125D8D894F1}"
EndProject
Global
	GlobalSection(SolutionConfigurationPlatforms) = preSolution
		Debug|Any CPU = Debug|Any CPU
		Release|Any CPU = Release|Any CPU
	EndGlobalSection
	GlobalSection(ProjectConfigurationPlatforms) = postSolution
		{524E6DD6-CE7A-4862-BA45-4DAF2C0C7AE8}.Debug|Any CPU.ActiveCfg = Debug|Any CPU
		{524E6DD6-CE7A-4862-BA45-4DAF2C0C7AE8}.Debug|Any CPU.Build.0 = Debug|Any CPU
		{524E6DD6-CE7A-4862-BA45-4DAF2C0C7AE8}.Release|Any CPU.ActiveCfg = Release|Any CPU
		{524E6DD6-CE7A-4862-BA45-4DAF2C0C7AE8}.Release|Any CPU.Build.0 = Release|Any CPU
		{10543463-546A-4919-80E7-0125D8D894F1}.Debug|Any CPU.ActiveCfg = Debug|Any CPU
		{10543463-546A-4919-80E7-0125D8D894F1}.Debug|Any CPU.Build.0 = Debug|Any CPU
		{10543463-546A-4919-80E7-0125D8D894F1}.Release|Any CPU.ActiveCfg = Release|Any CPU
		{10543463-546A-4919-80E7-0125D8D894F1}.Release|Any CPU.Build.0 = Release|Any CPU
	EndGlobalSection
	GlobalSection(SolutionProperties) = preSolution
		HideSolutionNode = FALSE
	EndGlobalSection
	GlobalSection(ExtensibilityGlobals) = postSolution
		SolutionGuid = {17D37D05-B2C8-44BB-BB43-141C36F9E07F}
	EndGlobalSection
EndGlobal
